// !$*UTF8*$!
{
	archiveVersion = 1;
	classes = {
	};
	objectVersion = 50;
	objects = {

/* Begin PBXBuildFile section */
		09043D1726D4906B00A3591E /* GFBodyLabel.swift in Sources */ = {isa = PBXBuildFile; fileRef = 09043D1626D4906B00A3591E /* GFBodyLabel.swift */; };
		09043D1926D4914500A3591E /* GFAlertVC.swift in Sources */ = {isa = PBXBuildFile; fileRef = 09043D1826D4914500A3591E /* GFAlertVC.swift */; };
		090C558A26E911F900F67D69 /* FavoriteCell.swift in Sources */ = {isa = PBXBuildFile; fileRef = 090C558926E911F900F67D69 /* FavoriteCell.swift */; };
		090E23C926E06D5400EF7DB3 /* Constants.swift in Sources */ = {isa = PBXBuildFile; fileRef = 090E23C826E06D5400EF7DB3 /* Constants.swift */; };
		090FFAD526D4656800FC3C22 /* FollowerListVC.swift in Sources */ = {isa = PBXBuildFile; fileRef = 090FFAD426D4656800FC3C22 /* FollowerListVC.swift */; };
		093447E026D5CA6000EBB42C /* Follower.swift in Sources */ = {isa = PBXBuildFile; fileRef = 093447DF26D5CA6000EBB42C /* Follower.swift */; };
		093447E226D5CB6D00EBB42C /* User.swift in Sources */ = {isa = PBXBuildFile; fileRef = 093447E126D5CB6D00EBB42C /* User.swift */; };
		0947999526D2B52200A8FC4B /* GFButton.swift in Sources */ = {isa = PBXBuildFile; fileRef = 0947999426D2B52200A8FC4B /* GFButton.swift */; };
		0947999726D2BB2000A8FC4B /* GFTextField.swift in Sources */ = {isa = PBXBuildFile; fileRef = 0947999626D2BB2000A8FC4B /* GFTextField.swift */; };
		094E917E26E022CE00E3A2D4 /* GFError.swift in Sources */ = {isa = PBXBuildFile; fileRef = 094E917D26E022CE00E3A2D4 /* GFError.swift */; };
		094E918026E02E0E00E3A2D4 /* GFUserInfoHeaderVC.swift in Sources */ = {isa = PBXBuildFile; fileRef = 094E917F26E02E0E00E3A2D4 /* GFUserInfoHeaderVC.swift */; };
		094E918226E02EA000E3A2D4 /* GFSecondaryTitleLabel.swift in Sources */ = {isa = PBXBuildFile; fileRef = 094E918126E02EA000E3A2D4 /* GFSecondaryTitleLabel.swift */; };
		09544D3526E6F1D90090F3BF /* PersistanceManager.swift in Sources */ = {isa = PBXBuildFile; fileRef = 09544D3426E6F1D90090F3BF /* PersistanceManager.swift */; };
		0977DB5526D5E0980046E825 /* NetworkManager.swift in Sources */ = {isa = PBXBuildFile; fileRef = 0977DB5426D5E0980046E825 /* NetworkManager.swift */; };
		097884C826E2983F00CA5052 /* GFRepoItemVC.swift in Sources */ = {isa = PBXBuildFile; fileRef = 097884C726E2983F00CA5052 /* GFRepoItemVC.swift */; };
		097884CA26E29B9000CA5052 /* GFFollowerItemVC.swift in Sources */ = {isa = PBXBuildFile; fileRef = 097884C926E29B9000CA5052 /* GFFollowerItemVC.swift */; };
		0978B1D326C5EE1900927446 /* FavoritesListVC.swift in Sources */ = {isa = PBXBuildFile; fileRef = 0978B1D226C5EE1900927446 /* FavoritesListVC.swift */; };
		0978B1D526C5EE3200927446 /* SearchVC.swift in Sources */ = {isa = PBXBuildFile; fileRef = 0978B1D426C5EE3200927446 /* SearchVC.swift */; };
		0979AAF926E2C10F00747752 /* Date+Ext.swift in Sources */ = {isa = PBXBuildFile; fileRef = 0979AAF826E2C10F00747752 /* Date+Ext.swift */; };
		0979CC8E26E146D70090C864 /* GFItemInfoVC.swift in Sources */ = {isa = PBXBuildFile; fileRef = 0979CC8D26E146D70090C864 /* GFItemInfoVC.swift */; };
		0983DA0F26DFEAC7006E45E8 /* UserInfoVC.swift in Sources */ = {isa = PBXBuildFile; fileRef = 0983DA0E26DFEAC7006E45E8 /* UserInfoVC.swift */; };
		0983E8AD26D5AC0B00D86252 /* UIViewController+Ext.swift in Sources */ = {isa = PBXBuildFile; fileRef = 0983E8AC26D5AC0B00D86252 /* UIViewController+Ext.swift */; };
		0984F2CD26DDC4E300D7E210 /* UIHelper.swift in Sources */ = {isa = PBXBuildFile; fileRef = 0984F2CC26DDC4E300D7E210 /* UIHelper.swift */; };
		09A16FEC26EA621700063FA3 /* GFAlertContainerView.swift in Sources */ = {isa = PBXBuildFile; fileRef = 09A16FEB26EA621700063FA3 /* GFAlertContainerView.swift */; };
		09A16FEE26EA7FF100063FA3 /* GFDataLoadingVC.swift in Sources */ = {isa = PBXBuildFile; fileRef = 09A16FED26EA7FF100063FA3 /* GFDataLoadingVC.swift */; };
		09AB68B026E13CA600D8F11D /* GFItemInfoView.swift in Sources */ = {isa = PBXBuildFile; fileRef = 09AB68AF26E13CA600D8F11D /* GFItemInfoView.swift */; };
		09BC9B3B26D4842C00879B19 /* GFTitleLabel.swift in Sources */ = {isa = PBXBuildFile; fileRef = 09BC9B3A26D4842C00879B19 /* GFTitleLabel.swift */; };
		09BFA3B726DED6DA00C16BED /* GFEmptyStateView.swift in Sources */ = {isa = PBXBuildFile; fileRef = 09BFA3B626DED6DA00C16BED /* GFEmptyStateView.swift */; };
		09F28A2D26E98D7400765D7F /* GFTabBarController.swift in Sources */ = {isa = PBXBuildFile; fileRef = 09F28A2C26E98D7400765D7F /* GFTabBarController.swift */; };
		09F51F2826D8432900BC7A4C /* FollowerCell.swift in Sources */ = {isa = PBXBuildFile; fileRef = 09F51F2726D8432900BC7A4C /* FollowerCell.swift */; };
		09F51F2A26D8502E00BC7A4C /* GFAvatarImageView.swift in Sources */ = {isa = PBXBuildFile; fileRef = 09F51F2926D8502E00BC7A4C /* GFAvatarImageView.swift */; };
		09F595F226C5DFF300CB3CD5 /* AppDelegate.swift in Sources */ = {isa = PBXBuildFile; fileRef = 09F595F126C5DFF300CB3CD5 /* AppDelegate.swift */; };
		09F595F426C5DFF300CB3CD5 /* SceneDelegate.swift in Sources */ = {isa = PBXBuildFile; fileRef = 09F595F326C5DFF300CB3CD5 /* SceneDelegate.swift */; };
		09F595FC26C5DFF300CB3CD5 /* GHFollowers.xcdatamodeld in Sources */ = {isa = PBXBuildFile; fileRef = 09F595FA26C5DFF300CB3CD5 /* GHFollowers.xcdatamodeld */; };
		09F595FE26C5DFF300CB3CD5 /* Assets.xcassets in Resources */ = {isa = PBXBuildFile; fileRef = 09F595FD26C5DFF300CB3CD5 /* Assets.xcassets */; };
		09F5960126C5DFF300CB3CD5 /* LaunchScreen.storyboard in Resources */ = {isa = PBXBuildFile; fileRef = 09F595FF26C5DFF300CB3CD5 /* LaunchScreen.storyboard */; };
/* End PBXBuildFile section */

/* Begin PBXFileReference section */
		09043D1626D4906B00A3591E /* GFBodyLabel.swift */ = {isa = PBXFileReference; lastKnownFileType = sourcecode.swift; path = GFBodyLabel.swift; sourceTree = "<group>"; };
		09043D1826D4914500A3591E /* GFAlertVC.swift */ = {isa = PBXFileReference; lastKnownFileType = sourcecode.swift; path = GFAlertVC.swift; sourceTree = "<group>"; };
		090C558926E911F900F67D69 /* FavoriteCell.swift */ = {isa = PBXFileReference; lastKnownFileType = sourcecode.swift; path = FavoriteCell.swift; sourceTree = "<group>"; };
		090E23C826E06D5400EF7DB3 /* Constants.swift */ = {isa = PBXFileReference; lastKnownFileType = sourcecode.swift; path = Constants.swift; sourceTree = "<group>"; };
		090FFAD426D4656800FC3C22 /* FollowerListVC.swift */ = {isa = PBXFileReference; lastKnownFileType = sourcecode.swift; path = FollowerListVC.swift; sourceTree = "<group>"; };
		093447DF26D5CA6000EBB42C /* Follower.swift */ = {isa = PBXFileReference; lastKnownFileType = sourcecode.swift; path = Follower.swift; sourceTree = "<group>"; };
		093447E126D5CB6D00EBB42C /* User.swift */ = {isa = PBXFileReference; lastKnownFileType = sourcecode.swift; path = User.swift; sourceTree = "<group>"; };
		0947999426D2B52200A8FC4B /* GFButton.swift */ = {isa = PBXFileReference; lastKnownFileType = sourcecode.swift; path = GFButton.swift; sourceTree = "<group>"; };
		0947999626D2BB2000A8FC4B /* GFTextField.swift */ = {isa = PBXFileReference; lastKnownFileType = sourcecode.swift; path = GFTextField.swift; sourceTree = "<group>"; };
		094E917D26E022CE00E3A2D4 /* GFError.swift */ = {isa = PBXFileReference; lastKnownFileType = sourcecode.swift; path = GFError.swift; sourceTree = "<group>"; };
		094E917F26E02E0E00E3A2D4 /* GFUserInfoHeaderVC.swift */ = {isa = PBXFileReference; lastKnownFileType = sourcecode.swift; path = GFUserInfoHeaderVC.swift; sourceTree = "<group>"; };
		094E918126E02EA000E3A2D4 /* GFSecondaryTitleLabel.swift */ = {isa = PBXFileReference; lastKnownFileType = sourcecode.swift; path = GFSecondaryTitleLabel.swift; sourceTree = "<group>"; };
		09544D3426E6F1D90090F3BF /* PersistanceManager.swift */ = {isa = PBXFileReference; lastKnownFileType = sourcecode.swift; path = PersistanceManager.swift; sourceTree = "<group>"; };
		0977DB5426D5E0980046E825 /* NetworkManager.swift */ = {isa = PBXFileReference; lastKnownFileType = sourcecode.swift; path = NetworkManager.swift; sourceTree = "<group>"; };
		097884C726E2983F00CA5052 /* GFRepoItemVC.swift */ = {isa = PBXFileReference; lastKnownFileType = sourcecode.swift; path = GFRepoItemVC.swift; sourceTree = "<group>"; };
		097884C926E29B9000CA5052 /* GFFollowerItemVC.swift */ = {isa = PBXFileReference; lastKnownFileType = sourcecode.swift; path = GFFollowerItemVC.swift; sourceTree = "<group>"; };
		0978B1D226C5EE1900927446 /* FavoritesListVC.swift */ = {isa = PBXFileReference; lastKnownFileType = sourcecode.swift; path = FavoritesListVC.swift; sourceTree = "<group>"; };
		0978B1D426C5EE3200927446 /* SearchVC.swift */ = {isa = PBXFileReference; lastKnownFileType = sourcecode.swift; path = SearchVC.swift; sourceTree = "<group>"; };
		0979AAF826E2C10F00747752 /* Date+Ext.swift */ = {isa = PBXFileReference; lastKnownFileType = sourcecode.swift; path = "Date+Ext.swift"; sourceTree = "<group>"; };
		0979CC8D26E146D70090C864 /* GFItemInfoVC.swift */ = {isa = PBXFileReference; lastKnownFileType = sourcecode.swift; path = GFItemInfoVC.swift; sourceTree = "<group>"; };
		0983DA0E26DFEAC7006E45E8 /* UserInfoVC.swift */ = {isa = PBXFileReference; lastKnownFileType = sourcecode.swift; path = UserInfoVC.swift; sourceTree = "<group>"; };
		0983E8AC26D5AC0B00D86252 /* UIViewController+Ext.swift */ = {isa = PBXFileReference; lastKnownFileType = sourcecode.swift; path = "UIViewController+Ext.swift"; sourceTree = "<group>"; };
		0984F2CC26DDC4E300D7E210 /* UIHelper.swift */ = {isa = PBXFileReference; lastKnownFileType = sourcecode.swift; path = UIHelper.swift; sourceTree = "<group>"; };
		09A16FEB26EA621700063FA3 /* GFAlertContainerView.swift */ = {isa = PBXFileReference; lastKnownFileType = sourcecode.swift; path = GFAlertContainerView.swift; sourceTree = "<group>"; };
		09A16FED26EA7FF100063FA3 /* GFDataLoadingVC.swift */ = {isa = PBXFileReference; lastKnownFileType = sourcecode.swift; path = GFDataLoadingVC.swift; sourceTree = "<group>"; };
		09AB68AF26E13CA600D8F11D /* GFItemInfoView.swift */ = {isa = PBXFileReference; lastKnownFileType = sourcecode.swift; path = GFItemInfoView.swift; sourceTree = "<group>"; };
		09BC9B3A26D4842C00879B19 /* GFTitleLabel.swift */ = {isa = PBXFileReference; lastKnownFileType = sourcecode.swift; path = GFTitleLabel.swift; sourceTree = "<group>"; };
		09BFA3B626DED6DA00C16BED /* GFEmptyStateView.swift */ = {isa = PBXFileReference; lastKnownFileType = sourcecode.swift; path = GFEmptyStateView.swift; sourceTree = "<group>"; };
		09F28A2C26E98D7400765D7F /* GFTabBarController.swift */ = {isa = PBXFileReference; lastKnownFileType = sourcecode.swift; path = GFTabBarController.swift; sourceTree = "<group>"; };
		09F51F2726D8432900BC7A4C /* FollowerCell.swift */ = {isa = PBXFileReference; lastKnownFileType = sourcecode.swift; path = FollowerCell.swift; sourceTree = "<group>"; };
		09F51F2926D8502E00BC7A4C /* GFAvatarImageView.swift */ = {isa = PBXFileReference; lastKnownFileType = sourcecode.swift; path = GFAvatarImageView.swift; sourceTree = "<group>"; };
		09F595EE26C5DFF300CB3CD5 /* GHFollowers.app */ = {isa = PBXFileReference; explicitFileType = wrapper.application; includeInIndex = 0; path = GHFollowers.app; sourceTree = BUILT_PRODUCTS_DIR; };
		09F595F126C5DFF300CB3CD5 /* AppDelegate.swift */ = {isa = PBXFileReference; lastKnownFileType = sourcecode.swift; path = AppDelegate.swift; sourceTree = "<group>"; };
		09F595F326C5DFF300CB3CD5 /* SceneDelegate.swift */ = {isa = PBXFileReference; lastKnownFileType = sourcecode.swift; path = SceneDelegate.swift; sourceTree = "<group>"; };
		09F595FB26C5DFF300CB3CD5 /* GHFollowers.xcdatamodel */ = {isa = PBXFileReference; lastKnownFileType = wrapper.xcdatamodel; path = GHFollowers.xcdatamodel; sourceTree = "<group>"; };
		09F595FD26C5DFF300CB3CD5 /* Assets.xcassets */ = {isa = PBXFileReference; lastKnownFileType = folder.assetcatalog; path = Assets.xcassets; sourceTree = "<group>"; };
		09F5960026C5DFF300CB3CD5 /* Base */ = {isa = PBXFileReference; lastKnownFileType = file.storyboard; name = Base; path = Base.lproj/LaunchScreen.storyboard; sourceTree = "<group>"; };
		09F5960226C5DFF300CB3CD5 /* Info.plist */ = {isa = PBXFileReference; lastKnownFileType = text.plist.xml; path = Info.plist; sourceTree = "<group>"; };
/* End PBXFileReference section */

/* Begin PBXFrameworksBuildPhase section */
		09F595EB26C5DFF300CB3CD5 /* Frameworks */ = {
			isa = PBXFrameworksBuildPhase;
			buildActionMask = 2147483647;
			files = (
			);
			runOnlyForDeploymentPostprocessing = 0;
		};
/* End PBXFrameworksBuildPhase section */

/* Begin PBXGroup section */
		093447DE26D5CA5300EBB42C /* Model */ = {
			isa = PBXGroup;
			children = (
				093447DF26D5CA6000EBB42C /* Follower.swift */,
				093447E126D5CB6D00EBB42C /* User.swift */,
			);
			path = Model;
			sourceTree = "<group>";
		};
		0977DB5326D5E0800046E825 /* Managers */ = {
			isa = PBXGroup;
			children = (
				0977DB5426D5E0980046E825 /* NetworkManager.swift */,
				09544D3426E6F1D90090F3BF /* PersistanceManager.swift */,
			);
			path = Managers;
			sourceTree = "<group>";
		};
		097884CB26E29C1700CA5052 /* ItemInfoVCs */ = {
			isa = PBXGroup;
			children = (
				0979CC8D26E146D70090C864 /* GFItemInfoVC.swift */,
				097884C926E29B9000CA5052 /* GFFollowerItemVC.swift */,
				097884C726E2983F00CA5052 /* GFRepoItemVC.swift */,
			);
			path = ItemInfoVCs;
			sourceTree = "<group>";
		};
		0979E50126D72B47008DE432 /* UItilities */ = {
			isa = PBXGroup;
			children = (
				0984F2CC26DDC4E300D7E210 /* UIHelper.swift */,
				094E917D26E022CE00E3A2D4 /* GFError.swift */,
				090E23C826E06D5400EF7DB3 /* Constants.swift */,
			);
			path = UItilities;
			sourceTree = "<group>";
		};
		0983E8AE26D5B65100D86252 /* Screens(Controller) */ = {
			isa = PBXGroup;
			children = (
				0978B1D426C5EE3200927446 /* SearchVC.swift */,
				0978B1D226C5EE1900927446 /* FavoritesListVC.swift */,
				090FFAD426D4656800FC3C22 /* FollowerListVC.swift */,
				0983DA0E26DFEAC7006E45E8 /* UserInfoVC.swift */,
			);
			path = "Screens(Controller)";
			sourceTree = "<group>";
		};
		0983E8AF26D5B69800D86252 /* CustomViews (Views) */ = {
			isa = PBXGroup;
			children = (
				09F28A2B26E98D4800765D7F /* TabBarControllers */,
				09BFA3B526DED65900C16BED /* Labels */,
				09BFA3B426DED63A00C16BED /* Buttons */,
				09BFA3B326DED62E00C16BED /* TextFields */,
				09BFA3B226DED62600C16BED /* ImageViews */,
				09BFA3B126DED61500C16BED /* ViewControllers */,
				09BFA3B026DED5F400C16BED /* Views */,
				09F51F2626D8430700BC7A4C /* Cells */,
			);
			path = "CustomViews (Views)";
			sourceTree = "<group>";
		};
		0983E8B026D5B6D600D86252 /* Extension */ = {
			isa = PBXGroup;
			children = (
				0983E8AC26D5AC0B00D86252 /* UIViewController+Ext.swift */,
				0979AAF826E2C10F00747752 /* Date+Ext.swift */,
			);
			path = Extension;
			sourceTree = "<group>";
		};
		0983E8B126D5B73900D86252 /* Support */ = {
			isa = PBXGroup;
			children = (
				09F595F326C5DFF300CB3CD5 /* SceneDelegate.swift */,
				09F595FD26C5DFF300CB3CD5 /* Assets.xcassets */,
				09F595FF26C5DFF300CB3CD5 /* LaunchScreen.storyboard */,
				09F595FA26C5DFF300CB3CD5 /* GHFollowers.xcdatamodeld */,
				09F595F126C5DFF300CB3CD5 /* AppDelegate.swift */,
			);
			path = Support;
			sourceTree = "<group>";
		};
		09BFA3B026DED5F400C16BED /* Views */ = {
			isa = PBXGroup;
			children = (
				09BFA3B626DED6DA00C16BED /* GFEmptyStateView.swift */,
				09AB68AF26E13CA600D8F11D /* GFItemInfoView.swift */,
				09A16FEB26EA621700063FA3 /* GFAlertContainerView.swift */,
			);
			path = Views;
			sourceTree = "<group>";
		};
		09BFA3B126DED61500C16BED /* ViewControllers */ = {
			isa = PBXGroup;
			children = (
				097884CB26E29C1700CA5052 /* ItemInfoVCs */,
				09043D1826D4914500A3591E /* GFAlertVC.swift */,
				094E917F26E02E0E00E3A2D4 /* GFUserInfoHeaderVC.swift */,
				09A16FED26EA7FF100063FA3 /* GFDataLoadingVC.swift */,
			);
			path = ViewControllers;
			sourceTree = "<group>";
		};
		09BFA3B226DED62600C16BED /* ImageViews */ = {
			isa = PBXGroup;
			children = (
				09F51F2926D8502E00BC7A4C /* GFAvatarImageView.swift */,
			);
			path = ImageViews;
			sourceTree = "<group>";
		};
		09BFA3B326DED62E00C16BED /* TextFields */ = {
			isa = PBXGroup;
			children = (
				0947999626D2BB2000A8FC4B /* GFTextField.swift */,
			);
			path = TextFields;
			sourceTree = "<group>";
		};
		09BFA3B426DED63A00C16BED /* Buttons */ = {
			isa = PBXGroup;
			children = (
				0947999426D2B52200A8FC4B /* GFButton.swift */,
			);
			path = Buttons;
			sourceTree = "<group>";
		};
		09BFA3B526DED65900C16BED /* Labels */ = {
			isa = PBXGroup;
			children = (
				09BC9B3A26D4842C00879B19 /* GFTitleLabel.swift */,
				09043D1626D4906B00A3591E /* GFBodyLabel.swift */,
				094E918126E02EA000E3A2D4 /* GFSecondaryTitleLabel.swift */,
			);
			path = Labels;
			sourceTree = "<group>";
		};
		09F28A2B26E98D4800765D7F /* TabBarControllers */ = {
			isa = PBXGroup;
			children = (
				09F28A2C26E98D7400765D7F /* GFTabBarController.swift */,
			);
			path = TabBarControllers;
			sourceTree = "<group>";
		};
		09F51F2626D8430700BC7A4C /* Cells */ = {
			isa = PBXGroup;
			children = (
				09F51F2726D8432900BC7A4C /* FollowerCell.swift */,
				090C558926E911F900F67D69 /* FavoriteCell.swift */,
			);
			path = Cells;
			sourceTree = "<group>";
		};
		09F595E526C5DFF300CB3CD5 = {
			isa = PBXGroup;
			children = (
				09F595F026C5DFF300CB3CD5 /* GHFollowers */,
				09F595EF26C5DFF300CB3CD5 /* Products */,
			);
			sourceTree = "<group>";
		};
		09F595EF26C5DFF300CB3CD5 /* Products */ = {
			isa = PBXGroup;
			children = (
				09F595EE26C5DFF300CB3CD5 /* GHFollowers.app */,
			);
			name = Products;
			sourceTree = "<group>";
		};
		09F595F026C5DFF300CB3CD5 /* GHFollowers */ = {
			isa = PBXGroup;
			children = (
				0979E50126D72B47008DE432 /* UItilities */,
				0977DB5326D5E0800046E825 /* Managers */,
				093447DE26D5CA5300EBB42C /* Model */,
				0983E8B026D5B6D600D86252 /* Extension */,
				0983E8AF26D5B69800D86252 /* CustomViews (Views) */,
				0983E8AE26D5B65100D86252 /* Screens(Controller) */,
				0983E8B126D5B73900D86252 /* Support */,
				09F5960226C5DFF300CB3CD5 /* Info.plist */,
			);
			path = GHFollowers;
			sourceTree = "<group>";
		};
/* End PBXGroup section */

/* Begin PBXNativeTarget section */
		09F595ED26C5DFF300CB3CD5 /* GHFollowers */ = {
			isa = PBXNativeTarget;
			buildConfigurationList = 09F5960526C5DFF300CB3CD5 /* Build configuration list for PBXNativeTarget "GHFollowers" */;
			buildPhases = (
				09F595EA26C5DFF300CB3CD5 /* Sources */,
				09F595EB26C5DFF300CB3CD5 /* Frameworks */,
				09F595EC26C5DFF300CB3CD5 /* Resources */,
			);
			buildRules = (
			);
			dependencies = (
			);
			name = GHFollowers;
			productName = GHFollowers;
			productReference = 09F595EE26C5DFF300CB3CD5 /* GHFollowers.app */;
			productType = "com.apple.product-type.application";
		};
/* End PBXNativeTarget section */

/* Begin PBXProject section */
		09F595E626C5DFF300CB3CD5 /* Project object */ = {
			isa = PBXProject;
			attributes = {
				LastSwiftUpdateCheck = 1250;
				LastUpgradeCheck = 1250;
				TargetAttributes = {
					09F595ED26C5DFF300CB3CD5 = {
						CreatedOnToolsVersion = 12.5;
					};
				};
			};
			buildConfigurationList = 09F595E926C5DFF300CB3CD5 /* Build configuration list for PBXProject "GHFollowers" */;
			compatibilityVersion = "Xcode 9.3";
			developmentRegion = en;
			hasScannedForEncodings = 0;
			knownRegions = (
				en,
				Base,
			);
			mainGroup = 09F595E526C5DFF300CB3CD5;
			productRefGroup = 09F595EF26C5DFF300CB3CD5 /* Products */;
			projectDirPath = "";
			projectRoot = "";
			targets = (
				09F595ED26C5DFF300CB3CD5 /* GHFollowers */,
			);
		};
/* End PBXProject section */

/* Begin PBXResourcesBuildPhase section */
		09F595EC26C5DFF300CB3CD5 /* Resources */ = {
			isa = PBXResourcesBuildPhase;
			buildActionMask = 2147483647;
			files = (
				09F5960126C5DFF300CB3CD5 /* LaunchScreen.storyboard in Resources */,
				09F595FE26C5DFF300CB3CD5 /* Assets.xcassets in Resources */,
			);
			runOnlyForDeploymentPostprocessing = 0;
		};
/* End PBXResourcesBuildPhase section */

/* Begin PBXSourcesBuildPhase section */
		09F595EA26C5DFF300CB3CD5 /* Sources */ = {
			isa = PBXSourcesBuildPhase;
			buildActionMask = 2147483647;
			files = (
				09F595FC26C5DFF300CB3CD5 /* GHFollowers.xcdatamodeld in Sources */,
				094E917E26E022CE00E3A2D4 /* GFError.swift in Sources */,
				0978B1D526C5EE3200927446 /* SearchVC.swift in Sources */,
				094E918026E02E0E00E3A2D4 /* GFUserInfoHeaderVC.swift in Sources */,
				0983E8AD26D5AC0B00D86252 /* UIViewController+Ext.swift in Sources */,
				0947999526D2B52200A8FC4B /* GFButton.swift in Sources */,
				09A16FEE26EA7FF100063FA3 /* GFDataLoadingVC.swift in Sources */,
				0978B1D326C5EE1900927446 /* FavoritesListVC.swift in Sources */,
				094E918226E02EA000E3A2D4 /* GFSecondaryTitleLabel.swift in Sources */,
				09BFA3B726DED6DA00C16BED /* GFEmptyStateView.swift in Sources */,
				09F595F226C5DFF300CB3CD5 /* AppDelegate.swift in Sources */,
				093447E226D5CB6D00EBB42C /* User.swift in Sources */,
				09F51F2826D8432900BC7A4C /* FollowerCell.swift in Sources */,
				097884C826E2983F00CA5052 /* GFRepoItemVC.swift in Sources */,
				090C558A26E911F900F67D69 /* FavoriteCell.swift in Sources */,
				09F51F2A26D8502E00BC7A4C /* GFAvatarImageView.swift in Sources */,
				09043D1926D4914500A3591E /* GFAlertVC.swift in Sources */,
				09A16FEC26EA621700063FA3 /* GFAlertContainerView.swift in Sources */,
				0983DA0F26DFEAC7006E45E8 /* UserInfoVC.swift in Sources */,
				093447E026D5CA6000EBB42C /* Follower.swift in Sources */,
				09F595F426C5DFF300CB3CD5 /* SceneDelegate.swift in Sources */,
				09544D3526E6F1D90090F3BF /* PersistanceManager.swift in Sources */,
				09BC9B3B26D4842C00879B19 /* GFTitleLabel.swift in Sources */,
				0979CC8E26E146D70090C864 /* GFItemInfoVC.swift in Sources */,
				097884CA26E29B9000CA5052 /* GFFollowerItemVC.swift in Sources */,
				090FFAD526D4656800FC3C22 /* FollowerListVC.swift in Sources */,
				0984F2CD26DDC4E300D7E210 /* UIHelper.swift in Sources */,
				0979AAF926E2C10F00747752 /* Date+Ext.swift in Sources */,
				0977DB5526D5E0980046E825 /* NetworkManager.swift in Sources */,
				0947999726D2BB2000A8FC4B /* GFTextField.swift in Sources */,
				09AB68B026E13CA600D8F11D /* GFItemInfoView.swift in Sources */,
				09043D1726D4906B00A3591E /* GFBodyLabel.swift in Sources */,
				090E23C926E06D5400EF7DB3 /* Constants.swift in Sources */,
				09F28A2D26E98D7400765D7F /* GFTabBarController.swift in Sources */,
			);
			runOnlyForDeploymentPostprocessing = 0;
		};
/* End PBXSourcesBuildPhase section */

/* Begin PBXVariantGroup section */
		09F595FF26C5DFF300CB3CD5 /* LaunchScreen.storyboard */ = {
			isa = PBXVariantGroup;
			children = (
				09F5960026C5DFF300CB3CD5 /* Base */,
			);
			name = LaunchScreen.storyboard;
			sourceTree = "<group>";
		};
/* End PBXVariantGroup section */

/* Begin XCBuildConfiguration section */
		09F5960326C5DFF300CB3CD5 /* Debug */ = {
			isa = XCBuildConfiguration;
			buildSettings = {
				ALWAYS_SEARCH_USER_PATHS = NO;
				CLANG_ANALYZER_NONNULL = YES;
				CLANG_ANALYZER_NUMBER_OBJECT_CONVERSION = YES_AGGRESSIVE;
				CLANG_CXX_LANGUAGE_STANDARD = "gnu++14";
				CLANG_CXX_LIBRARY = "libc++";
				CLANG_ENABLE_MODULES = YES;
				CLANG_ENABLE_OBJC_ARC = YES;
				CLANG_ENABLE_OBJC_WEAK = YES;
				CLANG_WARN_BLOCK_CAPTURE_AUTORELEASING = YES;
				CLANG_WARN_BOOL_CONVERSION = YES;
				CLANG_WARN_COMMA = YES;
				CLANG_WARN_CONSTANT_CONVERSION = YES;
				CLANG_WARN_DEPRECATED_OBJC_IMPLEMENTATIONS = YES;
				CLANG_WARN_DIRECT_OBJC_ISA_USAGE = YES_ERROR;
				CLANG_WARN_DOCUMENTATION_COMMENTS = YES;
				CLANG_WARN_EMPTY_BODY = YES;
				CLANG_WARN_ENUM_CONVERSION = YES;
				CLANG_WARN_INFINITE_RECURSION = YES;
				CLANG_WARN_INT_CONVERSION = YES;
				CLANG_WARN_NON_LITERAL_NULL_CONVERSION = YES;
				CLANG_WARN_OBJC_IMPLICIT_RETAIN_SELF = YES;
				CLANG_WARN_OBJC_LITERAL_CONVERSION = YES;
				CLANG_WARN_OBJC_ROOT_CLASS = YES_ERROR;
				CLANG_WARN_QUOTED_INCLUDE_IN_FRAMEWORK_HEADER = YES;
				CLANG_WARN_RANGE_LOOP_ANALYSIS = YES;
				CLANG_WARN_STRICT_PROTOTYPES = YES;
				CLANG_WARN_SUSPICIOUS_MOVE = YES;
				CLANG_WARN_UNGUARDED_AVAILABILITY = YES_AGGRESSIVE;
				CLANG_WARN_UNREACHABLE_CODE = YES;
				CLANG_WARN__DUPLICATE_METHOD_MATCH = YES;
				COPY_PHASE_STRIP = NO;
				DEBUG_INFORMATION_FORMAT = dwarf;
				ENABLE_STRICT_OBJC_MSGSEND = YES;
				ENABLE_TESTABILITY = YES;
				GCC_C_LANGUAGE_STANDARD = gnu11;
				GCC_DYNAMIC_NO_PIC = NO;
				GCC_NO_COMMON_BLOCKS = YES;
				GCC_OPTIMIZATION_LEVEL = 0;
				GCC_PREPROCESSOR_DEFINITIONS = (
					"DEBUG=1",
					"$(inherited)",
				);
				GCC_WARN_64_TO_32_BIT_CONVERSION = YES;
				GCC_WARN_ABOUT_RETURN_TYPE = YES_ERROR;
				GCC_WARN_UNDECLARED_SELECTOR = YES;
				GCC_WARN_UNINITIALIZED_AUTOS = YES_AGGRESSIVE;
				GCC_WARN_UNUSED_FUNCTION = YES;
				GCC_WARN_UNUSED_VARIABLE = YES;
				IPHONEOS_DEPLOYMENT_TARGET = 14.5;
				MTL_ENABLE_DEBUG_INFO = INCLUDE_SOURCE;
				MTL_FAST_MATH = YES;
				ONLY_ACTIVE_ARCH = YES;
				SDKROOT = iphoneos;
				SWIFT_ACTIVE_COMPILATION_CONDITIONS = DEBUG;
				SWIFT_OPTIMIZATION_LEVEL = "-Onone";
			};
			name = Debug;
		};
		09F5960426C5DFF300CB3CD5 /* Release */ = {
			isa = XCBuildConfiguration;
			buildSettings = {
				ALWAYS_SEARCH_USER_PATHS = NO;
				CLANG_ANALYZER_NONNULL = YES;
				CLANG_ANALYZER_NUMBER_OBJECT_CONVERSION = YES_AGGRESSIVE;
				CLANG_CXX_LANGUAGE_STANDARD = "gnu++14";
				CLANG_CXX_LIBRARY = "libc++";
				CLANG_ENABLE_MODULES = YES;
				CLANG_ENABLE_OBJC_ARC = YES;
				CLANG_ENABLE_OBJC_WEAK = YES;
				CLANG_WARN_BLOCK_CAPTURE_AUTORELEASING = YES;
				CLANG_WARN_BOOL_CONVERSION = YES;
				CLANG_WARN_COMMA = YES;
				CLANG_WARN_CONSTANT_CONVERSION = YES;
				CLANG_WARN_DEPRECATED_OBJC_IMPLEMENTATIONS = YES;
				CLANG_WARN_DIRECT_OBJC_ISA_USAGE = YES_ERROR;
				CLANG_WARN_DOCUMENTATION_COMMENTS = YES;
				CLANG_WARN_EMPTY_BODY = YES;
				CLANG_WARN_ENUM_CONVERSION = YES;
				CLANG_WARN_INFINITE_RECURSION = YES;
				CLANG_WARN_INT_CONVERSION = YES;
				CLANG_WARN_NON_LITERAL_NULL_CONVERSION = YES;
				CLANG_WARN_OBJC_IMPLICIT_RETAIN_SELF = YES;
				CLANG_WARN_OBJC_LITERAL_CONVERSION = YES;
				CLANG_WARN_OBJC_ROOT_CLASS = YES_ERROR;
				CLANG_WARN_QUOTED_INCLUDE_IN_FRAMEWORK_HEADER = YES;
				CLANG_WARN_RANGE_LOOP_ANALYSIS = YES;
				CLANG_WARN_STRICT_PROTOTYPES = YES;
				CLANG_WARN_SUSPICIOUS_MOVE = YES;
				CLANG_WARN_UNGUARDED_AVAILABILITY = YES_AGGRESSIVE;
				CLANG_WARN_UNREACHABLE_CODE = YES;
				CLANG_WARN__DUPLICATE_METHOD_MATCH = YES;
				COPY_PHASE_STRIP = NO;
				DEBUG_INFORMATION_FORMAT = "dwarf-with-dsym";
				ENABLE_NS_ASSERTIONS = NO;
				ENABLE_STRICT_OBJC_MSGSEND = YES;
				GCC_C_LANGUAGE_STANDARD = gnu11;
				GCC_NO_COMMON_BLOCKS = YES;
				GCC_WARN_64_TO_32_BIT_CONVERSION = YES;
				GCC_WARN_ABOUT_RETURN_TYPE = YES_ERROR;
				GCC_WARN_UNDECLARED_SELECTOR = YES;
				GCC_WARN_UNINITIALIZED_AUTOS = YES_AGGRESSIVE;
				GCC_WARN_UNUSED_FUNCTION = YES;
				GCC_WARN_UNUSED_VARIABLE = YES;
				IPHONEOS_DEPLOYMENT_TARGET = 14.5;
				MTL_ENABLE_DEBUG_INFO = NO;
				MTL_FAST_MATH = YES;
				SDKROOT = iphoneos;
				SWIFT_COMPILATION_MODE = wholemodule;
				SWIFT_OPTIMIZATION_LEVEL = "-O";
				VALIDATE_PRODUCT = YES;
			};
			name = Release;
		};
		09F5960626C5DFF300CB3CD5 /* Debug */ = {
			isa = XCBuildConfiguration;
			buildSettings = {
				ASSETCATALOG_COMPILER_APPICON_NAME = AppIcon;
				ASSETCATALOG_COMPILER_GLOBAL_ACCENT_COLOR_NAME = AccentColor;
				CODE_SIGN_STYLE = Automatic;
				DEVELOPMENT_TEAM = 5UPPZ9T836;
				INFOPLIST_FILE = GHFollowers/Info.plist;
				LD_RUNPATH_SEARCH_PATHS = (
					"$(inherited)",
					"@executable_path/Frameworks",
				);
				PRODUCT_BUNDLE_IDENTIFIER = com.Anahi.ClassesDemo.GHFollowers;
				PRODUCT_NAME = "$(TARGET_NAME)";
				SWIFT_VERSION = 5.0;
				TARGETED_DEVICE_FAMILY = 1;
			};
			name = Debug;
		};
		09F5960726C5DFF300CB3CD5 /* Release */ = {
			isa = XCBuildConfiguration;
			buildSettings = {
				ASSETCATALOG_COMPILER_APPICON_NAME = AppIcon;
				ASSETCATALOG_COMPILER_GLOBAL_ACCENT_COLOR_NAME = AccentColor;
				CODE_SIGN_STYLE = Automatic;
				DEVELOPMENT_TEAM = 5UPPZ9T836;
				INFOPLIST_FILE = GHFollowers/Info.plist;
				LD_RUNPATH_SEARCH_PATHS = (
					"$(inherited)",
					"@executable_path/Frameworks",
				);
				PRODUCT_BUNDLE_IDENTIFIER = com.Anahi.ClassesDemo.GHFollowers;
				PRODUCT_NAME = "$(TARGET_NAME)";
				SWIFT_VERSION = 5.0;
				TARGETED_DEVICE_FAMILY = 1;
			};
			name = Release;
		};
/* End XCBuildConfiguration section */

/* Begin XCConfigurationList section */
		09F595E926C5DFF300CB3CD5 /* Build configuration list for PBXProject "GHFollowers" */ = {
			isa = XCConfigurationList;
			buildConfigurations = (
				09F5960326C5DFF300CB3CD5 /* Debug */,
				09F5960426C5DFF300CB3CD5 /* Release */,
			);
			defaultConfigurationIsVisible = 0;
			defaultConfigurationName = Release;
		};
		09F5960526C5DFF300CB3CD5 /* Build configuration list for PBXNativeTarget "GHFollowers" */ = {
			isa = XCConfigurationList;
			buildConfigurations = (
				09F5960626C5DFF300CB3CD5 /* Debug */,
				09F5960726C5DFF300CB3CD5 /* Release */,
			);
			defaultConfigurationIsVisible = 0;
			defaultConfigurationName = Release;
		};
/* End XCConfigurationList section */

/* Begin XCVersionGroup section */
		09F595FA26C5DFF300CB3CD5 /* GHFollowers.xcdatamodeld */ = {
			isa = XCVersionGroup;
			children = (
				09F595FB26C5DFF300CB3CD5 /* GHFollowers.xcdatamodel */,
			);
			currentVersion = 09F595FB26C5DFF300CB3CD5 /* GHFollowers.xcdatamodel */;
			path = GHFollowers.xcdatamodeld;
			sourceTree = "<group>";
			versionGroupType = wrapper.xcdatamodel;
		};
/* End XCVersionGroup section */
	};
	rootObject = 09F595E626C5DFF300CB3CD5 /* Project object */;
}
